Microsoft Visual Studio Solution File, Format Version 12.00
# Visual Studio Version 17
VisualStudioVersion = 17.5.2.0
MinimumVisualStudioVersion = 10.0.40219.1
Project("{FAE04EC0-301F-11D3-BF4B-00C04F79EFBC}") = "GenAIService", "src\GenAIService.csproj", "{288B0043-1CF1-86BB-357B-BE1751EC4B57}"
EndProject
Global
	GlobalSection(SolutionConfigurationPlatforms) = preSolution
		Debug|Any CPU = Debug|Any CPU
		Release|Any CPU = Release|Any CPU
	EndGlobalSection
	GlobalSection(ProjectConfigurationPlatforms) = postSolution
		{288B0043-1CF1-86BB-357B-BE1751EC4B57}.Debug|Any CPU.ActiveCfg = Debug|Any CPU
		{288B0043-1CF1-86BB-357B-BE1751EC4B57}.Debug|Any CPU.Build.0 = Debug|Any CPU
		{288B0043-1CF1-86BB-357B-BE1751EC4B57}.Release|Any CPU.ActiveCfg = Release|Any CPU
		{288B0043-1CF1-86BB-357B-BE1751EC4B57}.Release|Any CPU.Build.0 = Release|Any CPU
	EndGlobalSection
	GlobalSection(SolutionProperties) = preSolution
		HideSolutionNode = FALSE
	EndGlobalSection
	GlobalSection(ExtensibilityGlobals) = postSolution
		SolutionGuid = {31C171EE-04DD-4D24-9584-CA68EF390C81}
	EndGlobalSection
EndGlobal
